
Microsoft Visual Studio Solution File, Format Version 12.00
# Visual Studio 14
VisualStudioVersion = 14.0.23107.0
MinimumVisualStudioVersion = 10.0.40219.1
Project("{2150E333-8FDC-42A3-9474-1A3956D46DE8}") = "Infrastructure", "Infrastructure", "{5EB5B4B1-BFE2-4F0A-AC03-FAA587F1A2F7}"
EndProject
Project("{FAE04EC0-301F-11D3-BF4B-00C04F79EFBC}") = "Infrastructure", "Infrastructure\Infrastructure.csproj", "{00BB084F-E66D-40F0-ABFD-4B3216C5A22C}"
EndProject
Project("{2150E333-8FDC-42A3-9474-1A3956D46DE8}") = "Domain", "Domain", "{3F69C78C-8531-47A5-AC2C-E86C5840872B}"
EndProject
Project("{FAE04EC0-301F-11D3-BF4B-00C04F79EFBC}") = "Lending", "Lending\Lending.csproj", "{0F7447A3-C82A-4FA0-9CAE-FD2272F8717D}"
EndProject
Project("{FAE04EC0-301F-11D3-BF4B-00C04F79EFBC}") = "User", "User\User.csproj", "{FE75E2C3-2330-45E5-94A9-BF2722CD9D41}"
EndProject
Global
	GlobalSection(SolutionConfigurationPlatforms) = preSolution
		Debug|Any CPU = Debug|Any CPU
		Release|Any CPU = Release|Any CPU
	EndGlobalSection
	GlobalSection(ProjectConfigurationPlatforms) = postSolution
		{00BB084F-E66D-40F0-ABFD-4B3216C5A22C}.Debug|Any CPU.ActiveCfg = Debug|Any CPU
		{00BB084F-E66D-40F0-ABFD-4B3216C5A22C}.Debug|Any CPU.Build.0 = Debug|Any CPU
		{00BB084F-E66D-40F0-ABFD-4B3216C5A22C}.Release|Any CPU.ActiveCfg = Release|Any CPU
		{00BB084F-E66D-40F0-ABFD-4B3216C5A22C}.Release|Any CPU.Build.0 = Release|Any CPU
		{0F7447A3-C82A-4FA0-9CAE-FD2272F8717D}.Debug|Any CPU.ActiveCfg = Debug|Any CPU
		{0F7447A3-C82A-4FA0-9CAE-FD2272F8717D}.Debug|Any CPU.Build.0 = Debug|Any CPU
		{0F7447A3-C82A-4FA0-9CAE-FD2272F8717D}.Release|Any CPU.ActiveCfg = Release|Any CPU
		{0F7447A3-C82A-4FA0-9CAE-FD2272F8717D}.Release|Any CPU.Build.0 = Release|Any CPU
		{FE75E2C3-2330-45E5-94A9-BF2722CD9D41}.Debug|Any CPU.ActiveCfg = Debug|Any CPU
		{FE75E2C3-2330-45E5-94A9-BF2722CD9D41}.Debug|Any CPU.Build.0 = Debug|Any CPU
		{FE75E2C3-2330-45E5-94A9-BF2722CD9D41}.Release|Any CPU.ActiveCfg = Release|Any CPU
		{FE75E2C3-2330-45E5-94A9-BF2722CD9D41}.Release|Any CPU.Build.0 = Release|Any CPU
	EndGlobalSection
	GlobalSection(SolutionProperties) = preSolution
		HideSolutionNode = FALSE
	EndGlobalSection
	GlobalSection(NestedProjects) = preSolution
		{00BB084F-E66D-40F0-ABFD-4B3216C5A22C} = {5EB5B4B1-BFE2-4F0A-AC03-FAA587F1A2F7}
		{0F7447A3-C82A-4FA0-9CAE-FD2272F8717D} = {3F69C78C-8531-47A5-AC2C-E86C5840872B}
		{FE75E2C3-2330-45E5-94A9-BF2722CD9D41} = {3F69C78C-8531-47A5-AC2C-E86C5840872B}
	EndGlobalSection
EndGlobal
